
Microsoft Visual Studio Solution File, Format Version 12.00
# Visual Studio Version 16
VisualStudioVersion = 16.0.30114.105
MinimumVisualStudioVersion = 10.0.40219.1
Project("{2150E333-8FDC-42A3-9474-1A3956D46DE8}") = "PowerTools", "PowerTools", "{940BA994-4112-46F9-B57A-DDC53B880D1A}"
EndProject
Project("{FAE04EC0-301F-11D3-BF4B-00C04F79EFBC}") = "ObservableLambda.PowerTools", "src\PowerTools\ObservableLambda.PowerTools\ObservableLambda.PowerTools.csproj", "{FB3D7CA7-7207-4C7A-ABE3-933692D03844}"
EndProject
Project("{2150E333-8FDC-42A3-9474-1A3956D46DE8}") = "OTEL", "OTEL", "{4DF37C95-36D8-4642-BC5D-F9CB3E4C1733}"
	ProjectSection(SolutionItems) = preProject
		src\OTEL\template.yaml = src\OTEL\template.yaml
	EndProjectSection
EndProject
Project("{FAE04EC0-301F-11D3-BF4B-00C04F79EFBC}") = "ObservableLambda", "src\OTEL\ObservableLambda\ObservableLambda.csproj", "{38378E25-ACDF-4F8F-8A44-D9E7EF16BE67}"
EndProject
Project("{FAE04EC0-301F-11D3-BF4B-00C04F79EFBC}") = "ObservableLambda.Shared", "src\OTEL\ObservableLambda.Shared\ObservableLambda.Shared.csproj", "{7D0B3D77-C536-45DE-A267-12A275493BCC}"
EndProject
Project("{FAE04EC0-301F-11D3-BF4B-00C04F79EFBC}") = "ObservableLambda.Test", "src\OTEL\ObservableLambda.Test\ObservableLambda.Test.csproj", "{CCBF2F14-D7E7-4E0D-900F-E16624D67AAD}"
EndProject
Project("{FAE04EC0-301F-11D3-BF4B-00C04F79EFBC}") = "ObservableLambda.Processor.Batch", "src\OTEL\ObservableLambda.Processor.Batch\ObservableLambda.Processor.Batch.csproj", "{2F2FA291-29E1-4321-8F34-27BBC7E75FF6}"
EndProject
Project("{FAE04EC0-301F-11D3-BF4B-00C04F79EFBC}") = "ObservableLambda.Processor.SingleMessage", "src\OTEL\ObservableLambda.Processor.SingleMessage\ObservableLambda.Processor.SingleMessage.csproj", "{F9882358-19D5-488D-BC31-FF971D79DA05}"
EndProject
Global
	GlobalSection(SolutionConfigurationPlatforms) = preSolution
		Debug|Any CPU = Debug|Any CPU
		Release|Any CPU = Release|Any CPU
	EndGlobalSection
	GlobalSection(SolutionProperties) = preSolution
		HideSolutionNode = FALSE
	EndGlobalSection
	GlobalSection(ProjectConfigurationPlatforms) = postSolution
		{FB3D7CA7-7207-4C7A-ABE3-933692D03844}.Debug|Any CPU.ActiveCfg = Debug|Any CPU
		{FB3D7CA7-7207-4C7A-ABE3-933692D03844}.Debug|Any CPU.Build.0 = Debug|Any CPU
		{FB3D7CA7-7207-4C7A-ABE3-933692D03844}.Release|Any CPU.ActiveCfg = Release|Any CPU
		{FB3D7CA7-7207-4C7A-ABE3-933692D03844}.Release|Any CPU.Build.0 = Release|Any CPU
		{38378E25-ACDF-4F8F-8A44-D9E7EF16BE67}.Debug|Any CPU.ActiveCfg = Debug|Any CPU
		{38378E25-ACDF-4F8F-8A44-D9E7EF16BE67}.Debug|Any CPU.Build.0 = Debug|Any CPU
		{38378E25-ACDF-4F8F-8A44-D9E7EF16BE67}.Release|Any CPU.ActiveCfg = Release|Any CPU
		{38378E25-ACDF-4F8F-8A44-D9E7EF16BE67}.Release|Any CPU.Build.0 = Release|Any CPU
		{7D0B3D77-C536-45DE-A267-12A275493BCC}.Debug|Any CPU.ActiveCfg = Debug|Any CPU
		{7D0B3D77-C536-45DE-A267-12A275493BCC}.Debug|Any CPU.Build.0 = Debug|Any CPU
		{7D0B3D77-C536-45DE-A267-12A275493BCC}.Release|Any CPU.ActiveCfg = Release|Any CPU
		{7D0B3D77-C536-45DE-A267-12A275493BCC}.Release|Any CPU.Build.0 = Release|Any CPU
		{CCBF2F14-D7E7-4E0D-900F-E16624D67AAD}.Debug|Any CPU.ActiveCfg = Debug|Any CPU
		{CCBF2F14-D7E7-4E0D-900F-E16624D67AAD}.Debug|Any CPU.Build.0 = Debug|Any CPU
		{CCBF2F14-D7E7-4E0D-900F-E16624D67AAD}.Release|Any CPU.ActiveCfg = Release|Any CPU
		{CCBF2F14-D7E7-4E0D-900F-E16624D67AAD}.Release|Any CPU.Build.0 = Release|Any CPU
		{2F2FA291-29E1-4321-8F34-27BBC7E75FF6}.Debug|Any CPU.ActiveCfg = Debug|Any CPU
		{2F2FA291-29E1-4321-8F34-27BBC7E75FF6}.Debug|Any CPU.Build.0 = Debug|Any CPU
		{2F2FA291-29E1-4321-8F34-27BBC7E75FF6}.Release|Any CPU.ActiveCfg = Release|Any CPU
		{2F2FA291-29E1-4321-8F34-27BBC7E75FF6}.Release|Any CPU.Build.0 = Release|Any CPU
		{F9882358-19D5-488D-BC31-FF971D79DA05}.Debug|Any CPU.ActiveCfg = Debug|Any CPU
		{F9882358-19D5-488D-BC31-FF971D79DA05}.Debug|Any CPU.Build.0 = Debug|Any CPU
		{F9882358-19D5-488D-BC31-FF971D79DA05}.Release|Any CPU.ActiveCfg = Release|Any CPU
		{F9882358-19D5-488D-BC31-FF971D79DA05}.Release|Any CPU.Build.0 = Release|Any CPU
	EndGlobalSection
	GlobalSection(NestedProjects) = preSolution
		{FB3D7CA7-7207-4C7A-ABE3-933692D03844} = {940BA994-4112-46F9-B57A-DDC53B880D1A}
		{38378E25-ACDF-4F8F-8A44-D9E7EF16BE67} = {4DF37C95-36D8-4642-BC5D-F9CB3E4C1733}
		{7D0B3D77-C536-45DE-A267-12A275493BCC} = {4DF37C95-36D8-4642-BC5D-F9CB3E4C1733}
		{CCBF2F14-D7E7-4E0D-900F-E16624D67AAD} = {4DF37C95-36D8-4642-BC5D-F9CB3E4C1733}
		{2F2FA291-29E1-4321-8F34-27BBC7E75FF6} = {4DF37C95-36D8-4642-BC5D-F9CB3E4C1733}
		{F9882358-19D5-488D-BC31-FF971D79DA05} = {4DF37C95-36D8-4642-BC5D-F9CB3E4C1733}
	EndGlobalSection
EndGlobal
